
Microsoft Visual Studio Solution File, Format Version 12.00
# Visual Studio Version 17
VisualStudioVersion = 17.7.34221.43
MinimumVisualStudioVersion = 10.0.40219.1
Project("{9A19103F-16F7-4668-BE54-9A1E7A4F7556}") = "asp07", "asp07\asp07.csproj", "{A2442C00-5BB6-4636-8DE8-320A124C78A2}"
EndProject
Global
	GlobalSection(SolutionConfigurationPlatforms) = preSolution
		Debug|Any CPU = Debug|Any CPU
		Release|Any CPU = Release|Any CPU
	EndGlobalSection
	GlobalSection(ProjectConfigurationPlatforms) = postSolution
		{A2442C00-5BB6-4636-8DE8-320A124C78A2}.Debug|Any CPU.ActiveCfg = Debug|Any CPU
		{A2442C00-5BB6-4636-8DE8-320A124C78A2}.Debug|Any CPU.Build.0 = Debug|Any CPU
		{A2442C00-5BB6-4636-8DE8-320A124C78A2}.Release|Any CPU.ActiveCfg = Release|Any CPU
		{A2442C00-5BB6-4636-8DE8-320A124C78A2}.Release|Any CPU.Build.0 = Release|Any CPU
	EndGlobalSection
	GlobalSection(SolutionProperties) = preSolution
		HideSolutionNode = FALSE
	EndGlobalSection
	GlobalSection(ExtensibilityGlobals) = postSolution
		SolutionGuid = {77C2177C-325E-4C1F-A9D7-823003759784}
	EndGlobalSection
EndGlobal
